# This file is automatically @generated by Poetry and should not be changed by hand.

[[package]]
name = "chess"
version = "1.9.4"
description = "A chess library with move generation and validation, Polyglot opening book probing, PGN reading and writing, Gaviota tablebase probing, Syzygy tablebase probing, and XBoard/UCI engine communication."
category = "main"
optional = false
python-versions = ">=3.7"
files = [
    {file = "chess-1.9.4-py3-none-any.whl", hash = "sha256:44d471b1ba71a4287c1bb9af3d6b472df37f07686ec52d5d5feb982b0fcfad34"},
    {file = "chess-1.9.4.tar.gz", hash = "sha256:7f42d664f8975abe46e34bd7d131efd2bba65dc78bd1c226f554eb6ca4a9b381"},
]

[metadata]
lock-version = "2.0"
python-versions = "^3.9"
content-hash = "1090da99b1b77b7758a81c72c8178b4de6740555e75bac0bae9f4e3b37f4bffb"
